// !$*UTF8*$!
{
	archiveVersion = 1;
	classes = {
	};
	objectVersion = 50;
	objects = {

/* Begin PBXBuildFile section */
		D851302921B0C6580031FDF4 /* AlbumImageView.swift in Sources */ = {isa = PBXBuildFile; fileRef = D851302821B0C6580031FDF4 /* AlbumImageView.swift */; };
		D851302B21B0E7FF0031FDF4 /* OffCenteredButtonView.swift in Sources */ = {isa = PBXBuildFile; fileRef = D851302A21B0E7FF0031FDF4 /* OffCenteredButtonView.swift */; };
		D87FDEC521AE56540007ACBC /* MenuVC.swift in Sources */ = {isa = PBXBuildFile; fileRef = D87FDEC421AE56540007ACBC /* MenuVC.swift */; };
		D87FDED221AEEC3A0007ACBC /* CustomMenuHeaderView.swift in Sources */ = {isa = PBXBuildFile; fileRef = D87FDED121AEEC3A0007ACBC /* CustomMenuHeaderView.swift */; };
		D87FDED421AEF0DF0007ACBC /* SpacerView.swift in Sources */ = {isa = PBXBuildFile; fileRef = D87FDED321AEF0DF0007ACBC /* SpacerView.swift */; };
		D87FDED621AEF5690007ACBC /* ProfileImageView.swift in Sources */ = {isa = PBXBuildFile; fileRef = D87FDED521AEF5690007ACBC /* ProfileImageView.swift */; };
		D87FDED821AEFECF0007ACBC /* MenuItemCell.swift in Sources */ = {isa = PBXBuildFile; fileRef = D87FDED721AEFECF0007ACBC /* MenuItemCell.swift */; };
		D8AB800821ADC9BE0045DD14 /* Extensions.swift in Sources */ = {isa = PBXBuildFile; fileRef = D8AB800721ADC9BE0045DD14 /* Extensions.swift */; };
		D8DFC2D221ACF0C100710F0B /* TimelineTableViewCell.swift in Sources */ = {isa = PBXBuildFile; fileRef = D8DFC2D121ACF0C100710F0B /* TimelineTableViewCell.swift */; };
		D8E0745D21B032A200B47951 /* HomeVC.swift in Sources */ = {isa = PBXBuildFile; fileRef = D8E0745C21B032A200B47951 /* HomeVC.swift */; };
		D8E0745F21B0359E00B47951 /* Card.swift in Sources */ = {isa = PBXBuildFile; fileRef = D8E0745E21B0359E00B47951 /* Card.swift */; };
		D8E0746521B0426F00B47951 /* PostActionButtonView.swift in Sources */ = {isa = PBXBuildFile; fileRef = D8E0746421B0426F00B47951 /* PostActionButtonView.swift */; };
		D8E0746721B0443900B47951 /* ActionButtonImageView.swift in Sources */ = {isa = PBXBuildFile; fileRef = D8E0746621B0443900B47951 /* ActionButtonImageView.swift */; };
		D8E0746921B0507A00B47951 /* PostProfileImageView.swift in Sources */ = {isa = PBXBuildFile; fileRef = D8E0746821B0507A00B47951 /* PostProfileImageView.swift */; };
		D8F076CF219F841200E08006 /* AppDelegate.swift in Sources */ = {isa = PBXBuildFile; fileRef = D8F076CE219F841200E08006 /* AppDelegate.swift */; };
		D8F076D4219F841200E08006 /* Main.storyboard in Resources */ = {isa = PBXBuildFile; fileRef = D8F076D2219F841200E08006 /* Main.storyboard */; };
		D8F076D6219F841300E08006 /* Assets.xcassets in Resources */ = {isa = PBXBuildFile; fileRef = D8F076D5219F841300E08006 /* Assets.xcassets */; };
		D8F076D9219F841300E08006 /* LaunchScreen.storyboard in Resources */ = {isa = PBXBuildFile; fileRef = D8F076D7219F841300E08006 /* LaunchScreen.storyboard */; };
		FB01181637F74C20E6B3C422 /* Pods_newmusic.framework in Frameworks */ = {isa = PBXBuildFile; fileRef = D118CE7442EE3ECF808986CA /* Pods_newmusic.framework */; };
/* End PBXBuildFile section */

/* Begin PBXFileReference section */
		5C9A7B7C8642597BD862FE6B /* Pods-newmusic.release.xcconfig */ = {isa = PBXFileReference; includeInIndex = 1; lastKnownFileType = text.xcconfig; name = "Pods-newmusic.release.xcconfig"; path = "Pods/Target Support Files/Pods-newmusic/Pods-newmusic.release.xcconfig"; sourceTree = "<group>"; };
		D118CE7442EE3ECF808986CA /* Pods_newmusic.framework */ = {isa = PBXFileReference; explicitFileType = wrapper.framework; includeInIndex = 0; path = Pods_newmusic.framework; sourceTree = BUILT_PRODUCTS_DIR; };
		D851302821B0C6580031FDF4 /* AlbumImageView.swift */ = {isa = PBXFileReference; lastKnownFileType = sourcecode.swift; path = AlbumImageView.swift; sourceTree = "<group>"; };
		D851302A21B0E7FF0031FDF4 /* OffCenteredButtonView.swift */ = {isa = PBXFileReference; lastKnownFileType = sourcecode.swift; path = OffCenteredButtonView.swift; sourceTree = "<group>"; };
		D87FDEC421AE56540007ACBC /* MenuVC.swift */ = {isa = PBXFileReference; lastKnownFileType = sourcecode.swift; path = MenuVC.swift; sourceTree = "<group>"; };
		D87FDED121AEEC3A0007ACBC /* CustomMenuHeaderView.swift */ = {isa = PBXFileReference; lastKnownFileType = sourcecode.swift; path = CustomMenuHeaderView.swift; sourceTree = "<group>"; };
		D87FDED321AEF0DF0007ACBC /* SpacerView.swift */ = {isa = PBXFileReference; lastKnownFileType = sourcecode.swift; path = SpacerView.swift; sourceTree = "<group>"; };
		D87FDED521AEF5690007ACBC /* ProfileImageView.swift */ = {isa = PBXFileReference; lastKnownFileType = sourcecode.swift; path = ProfileImageView.swift; sourceTree = "<group>"; };
		D87FDED721AEFECF0007ACBC /* MenuItemCell.swift */ = {isa = PBXFileReference; lastKnownFileType = sourcecode.swift; path = MenuItemCell.swift; sourceTree = "<group>"; };
		D8AB800721ADC9BE0045DD14 /* Extensions.swift */ = {isa = PBXFileReference; lastKnownFileType = sourcecode.swift; path = Extensions.swift; sourceTree = "<group>"; };
		D8DFC2D121ACF0C100710F0B /* TimelineTableViewCell.swift */ = {isa = PBXFileReference; lastKnownFileType = sourcecode.swift; path = TimelineTableViewCell.swift; sourceTree = "<group>"; };
		D8E0745C21B032A200B47951 /* HomeVC.swift */ = {isa = PBXFileReference; lastKnownFileType = sourcecode.swift; path = HomeVC.swift; sourceTree = "<group>"; };
		D8E0745E21B0359E00B47951 /* Card.swift */ = {isa = PBXFileReference; lastKnownFileType = sourcecode.swift; path = Card.swift; sourceTree = "<group>"; };
		D8E0746421B0426F00B47951 /* PostActionButtonView.swift */ = {isa = PBXFileReference; lastKnownFileType = sourcecode.swift; path = PostActionButtonView.swift; sourceTree = "<group>"; };
		D8E0746621B0443900B47951 /* ActionButtonImageView.swift */ = {isa = PBXFileReference; lastKnownFileType = sourcecode.swift; path = ActionButtonImageView.swift; sourceTree = "<group>"; };
		D8E0746821B0507A00B47951 /* PostProfileImageView.swift */ = {isa = PBXFileReference; lastKnownFileType = sourcecode.swift; path = PostProfileImageView.swift; sourceTree = "<group>"; };
		D8F076CB219F841200E08006 /* newmusic.app */ = {isa = PBXFileReference; explicitFileType = wrapper.application; includeInIndex = 0; path = newmusic.app; sourceTree = BUILT_PRODUCTS_DIR; };
		D8F076CE219F841200E08006 /* AppDelegate.swift */ = {isa = PBXFileReference; lastKnownFileType = sourcecode.swift; path = AppDelegate.swift; sourceTree = "<group>"; };
		D8F076D3219F841200E08006 /* Base */ = {isa = PBXFileReference; lastKnownFileType = file.storyboard; name = Base; path = Base.lproj/Main.storyboard; sourceTree = "<group>"; };
		D8F076D5219F841300E08006 /* Assets.xcassets */ = {isa = PBXFileReference; lastKnownFileType = folder.assetcatalog; path = Assets.xcassets; sourceTree = "<group>"; };
		D8F076D8219F841300E08006 /* Base */ = {isa = PBXFileReference; lastKnownFileType = file.storyboard; name = Base; path = Base.lproj/LaunchScreen.storyboard; sourceTree = "<group>"; };
		D8F076DA219F841300E08006 /* Info.plist */ = {isa = PBXFileReference; lastKnownFileType = text.plist.xml; path = Info.plist; sourceTree = "<group>"; };
		DDC282E35A3900AB52C46CC3 /* Pods-newmusic.debug.xcconfig */ = {isa = PBXFileReference; includeInIndex = 1; lastKnownFileType = text.xcconfig; name = "Pods-newmusic.debug.xcconfig"; path = "Pods/Target Support Files/Pods-newmusic/Pods-newmusic.debug.xcconfig"; sourceTree = "<group>"; };
/* End PBXFileReference section */

/* Begin PBXFrameworksBuildPhase section */
		D8F076C8219F841200E08006 /* Frameworks */ = {
			isa = PBXFrameworksBuildPhase;
			buildActionMask = 2147483647;
			files = (
				FB01181637F74C20E6B3C422 /* Pods_newmusic.framework in Frameworks */,
			);
			runOnlyForDeploymentPostprocessing = 0;
		};
/* End PBXFrameworksBuildPhase section */

/* Begin PBXGroup section */
		A20B8446606E788C02F522AC /* Frameworks */ = {
			isa = PBXGroup;
			children = (
				D118CE7442EE3ECF808986CA /* Pods_newmusic.framework */,
			);
			name = Frameworks;
			sourceTree = "<group>";
		};
		D87FDEC321AE562A0007ACBC /* Controllers */ = {
			isa = PBXGroup;
			children = (
				D8E0745C21B032A200B47951 /* HomeVC.swift */,
				D87FDEC421AE56540007ACBC /* MenuVC.swift */,
			);
			path = Controllers;
			sourceTree = "<group>";
		};
		D87FDEC621AE56A40007ACBC /* Custom Cells */ = {
			isa = PBXGroup;
			children = (
				D8DFC2D121ACF0C100710F0B /* TimelineTableViewCell.swift */,
				D87FDED721AEFECF0007ACBC /* MenuItemCell.swift */,
			);
			path = "Custom Cells";
			sourceTree = "<group>";
		};
		D87FDED021AEEC1A0007ACBC /* Views */ = {
			isa = PBXGroup;
			children = (
				D8E0745E21B0359E00B47951 /* Card.swift */,
				D8E0746421B0426F00B47951 /* PostActionButtonView.swift */,
				D851302A21B0E7FF0031FDF4 /* OffCenteredButtonView.swift */,
				D8E0746621B0443900B47951 /* ActionButtonImageView.swift */,
				D8E0746821B0507A00B47951 /* PostProfileImageView.swift */,
				D87FDED121AEEC3A0007ACBC /* CustomMenuHeaderView.swift */,
				D87FDED521AEF5690007ACBC /* ProfileImageView.swift */,
				D851302821B0C6580031FDF4 /* AlbumImageView.swift */,
				D87FDED321AEF0DF0007ACBC /* SpacerView.swift */,
			);
			path = Views;
			sourceTree = "<group>";
		};
		D8AB800621ADC9A90045DD14 /* Utils */ = {
			isa = PBXGroup;
			children = (
				D8AB800721ADC9BE0045DD14 /* Extensions.swift */,
			);
			path = Utils;
			sourceTree = "<group>";
		};
		D8F076C2219F841200E08006 = {
			isa = PBXGroup;
			children = (
				D8F076CD219F841200E08006 /* newmusic */,
				D8F076CC219F841200E08006 /* Products */,
				DE834E9AB7632F57D91B66C5 /* Pods */,
				A20B8446606E788C02F522AC /* Frameworks */,
			);
			sourceTree = "<group>";
		};
		D8F076CC219F841200E08006 /* Products */ = {
			isa = PBXGroup;
			children = (
				D8F076CB219F841200E08006 /* newmusic.app */,
			);
			name = Products;
			sourceTree = "<group>";
		};
		D8F076CD219F841200E08006 /* newmusic */ = {
			isa = PBXGroup;
			children = (
				D87FDEC321AE562A0007ACBC /* Controllers */,
				D87FDED021AEEC1A0007ACBC /* Views */,
				D87FDEC621AE56A40007ACBC /* Custom Cells */,
				D8F076CE219F841200E08006 /* AppDelegate.swift */,
				D8F076D2219F841200E08006 /* Main.storyboard */,
				D8F076D5219F841300E08006 /* Assets.xcassets */,
				D8AB800621ADC9A90045DD14 /* Utils */,
				D8F076D7219F841300E08006 /* LaunchScreen.storyboard */,
				D8F076DA219F841300E08006 /* Info.plist */,
			);
			path = newmusic;
			sourceTree = "<group>";
		};
		DE834E9AB7632F57D91B66C5 /* Pods */ = {
			isa = PBXGroup;
			children = (
				DDC282E35A3900AB52C46CC3 /* Pods-newmusic.debug.xcconfig */,
				5C9A7B7C8642597BD862FE6B /* Pods-newmusic.release.xcconfig */,
			);
			name = Pods;
			sourceTree = "<group>";
		};
/* End PBXGroup section */

/* Begin PBXNativeTarget section */
		D8F076CA219F841200E08006 /* newmusic */ = {
			isa = PBXNativeTarget;
			buildConfigurationList = D8F076DD219F841300E08006 /* Build configuration list for PBXNativeTarget "newmusic" */;
			buildPhases = (
				6508432EE729C0C263EF8695 /* [CP] Check Pods Manifest.lock */,
				D8F076C7219F841200E08006 /* Sources */,
				D8F076C8219F841200E08006 /* Frameworks */,
				D8F076C9219F841200E08006 /* Resources */,
				DAC28F2A634AD9E3F372CEE8 /* [CP] Embed Pods Frameworks */,
			);
			buildRules = (
			);
			dependencies = (
			);
			name = newmusic;
			productName = newmusic;
			productReference = D8F076CB219F841200E08006 /* newmusic.app */;
			productType = "com.apple.product-type.application";
		};
/* End PBXNativeTarget section */

/* Begin PBXProject section */
		D8F076C3219F841200E08006 /* Project object */ = {
			isa = PBXProject;
			attributes = {
				LastSwiftUpdateCheck = 1010;
				LastUpgradeCheck = 1010;
				ORGANIZATIONNAME = "Joe Langenderfer";
				TargetAttributes = {
					D8F076CA219F841200E08006 = {
						CreatedOnToolsVersion = 10.1;
					};
				};
			};
			buildConfigurationList = D8F076C6219F841200E08006 /* Build configuration list for PBXProject "newmusic" */;
			compatibilityVersion = "Xcode 9.3";
			developmentRegion = en;
			hasScannedForEncodings = 0;
			knownRegions = (
				en,
				Base,
			);
			mainGroup = D8F076C2219F841200E08006;
			productRefGroup = D8F076CC219F841200E08006 /* Products */;
			projectDirPath = "";
			projectRoot = "";
			targets = (
				D8F076CA219F841200E08006 /* newmusic */,
			);
		};
/* End PBXProject section */

/* Begin PBXResourcesBuildPhase section */
		D8F076C9219F841200E08006 /* Resources */ = {
			isa = PBXResourcesBuildPhase;
			buildActionMask = 2147483647;
			files = (
				D8F076D9219F841300E08006 /* LaunchScreen.storyboard in Resources */,
				D8F076D6219F841300E08006 /* Assets.xcassets in Resources */,
				D8F076D4219F841200E08006 /* Main.storyboard in Resources */,
			);
			runOnlyForDeploymentPostprocessing = 0;
		};
/* End PBXResourcesBuildPhase section */

/* Begin PBXShellScriptBuildPhase section */
		6508432EE729C0C263EF8695 /* [CP] Check Pods Manifest.lock */ = {
			isa = PBXShellScriptBuildPhase;
			buildActionMask = 2147483647;
			files = (
			);
			inputPaths = (
				"${PODS_PODFILE_DIR_PATH}/Podfile.lock",
				"${PODS_ROOT}/Manifest.lock",
			);
			name = "[CP] Check Pods Manifest.lock";
			outputPaths = (
				"$(DERIVED_FILE_DIR)/Pods-newmusic-checkManifestLockResult.txt",
			);
			runOnlyForDeploymentPostprocessing = 0;
			shellPath = /bin/sh;
			shellScript = "diff \"${PODS_PODFILE_DIR_PATH}/Podfile.lock\" \"${PODS_ROOT}/Manifest.lock\" > /dev/null\nif [ $? != 0 ] ; then\n    # print error to STDERR\n    echo \"error: The sandbox is not in sync with the Podfile.lock. Run 'pod install' or update your CocoaPods installation.\" >&2\n    exit 1\nfi\n# This output is used by Xcode 'outputs' to avoid re-running this script phase.\necho \"SUCCESS\" > \"${SCRIPT_OUTPUT_FILE_0}\"\n";
			showEnvVarsInLog = 0;
		};
		DAC28F2A634AD9E3F372CEE8 /* [CP] Embed Pods Frameworks */ = {
			isa = PBXShellScriptBuildPhase;
			buildActionMask = 2147483647;
			files = (
			);
			inputPaths = (
				"${SRCROOT}/Pods/Target Support Files/Pods-newmusic/Pods-newmusic-frameworks.sh",
				"${BUILT_PRODUCTS_DIR}/ChameleonFramework/ChameleonFramework.framework",
			);
			name = "[CP] Embed Pods Frameworks";
			outputPaths = (
				"${TARGET_BUILD_DIR}/${FRAMEWORKS_FOLDER_PATH}/ChameleonFramework.framework",
			);
			runOnlyForDeploymentPostprocessing = 0;
			shellPath = /bin/sh;
			shellScript = "\"${SRCROOT}/Pods/Target Support Files/Pods-newmusic/Pods-newmusic-frameworks.sh\"\n";
			showEnvVarsInLog = 0;
		};
/* End PBXShellScriptBuildPhase section */

/* Begin PBXSourcesBuildPhase section */
		D8F076C7219F841200E08006 /* Sources */ = {
			isa = PBXSourcesBuildPhase;
			buildActionMask = 2147483647;
			files = (
				D87FDED621AEF5690007ACBC /* ProfileImageView.swift in Sources */,
				D8E0745D21B032A200B47951 /* HomeVC.swift in Sources */,
				D851302B21B0E7FF0031FDF4 /* OffCenteredButtonView.swift in Sources */,
				D851302921B0C6580031FDF4 /* AlbumImageView.swift in Sources */,
				D87FDED421AEF0DF0007ACBC /* SpacerView.swift in Sources */,
				D8DFC2D221ACF0C100710F0B /* TimelineTableViewCell.swift in Sources */,
				D87FDED221AEEC3A0007ACBC /* CustomMenuHeaderView.swift in Sources */,
				D8F076CF219F841200E08006 /* AppDelegate.swift in Sources */,
				D8E0746521B0426F00B47951 /* PostActionButtonView.swift in Sources */,
				D8AB800821ADC9BE0045DD14 /* Extensions.swift in Sources */,
				D8E0746921B0507A00B47951 /* PostProfileImageView.swift in Sources */,
				D87FDED821AEFECF0007ACBC /* MenuItemCell.swift in Sources */,
				D87FDEC521AE56540007ACBC /* MenuVC.swift in Sources */,
				D8E0746721B0443900B47951 /* ActionButtonImageView.swift in Sources */,
				D8E0745F21B0359E00B47951 /* Card.swift in Sources */,
			);
			runOnlyForDeploymentPostprocessing = 0;
		};
/* End PBXSourcesBuildPhase section */

/* Begin PBXVariantGroup section */
		D8F076D2219F841200E08006 /* Main.storyboard */ = {
			isa = PBXVariantGroup;
			children = (
				D8F076D3219F841200E08006 /* Base */,
			);
			name = Main.storyboard;
			sourceTree = "<group>";
		};
		D8F076D7219F841300E08006 /* LaunchScreen.storyboard */ = {
			isa = PBXVariantGroup;
			children = (
				D8F076D8219F841300E08006 /* Base */,
			);
			name = LaunchScreen.storyboard;
			sourceTree = "<group>";
		};
/* End PBXVariantGroup section */

/* Begin XCBuildConfiguration section */
		D8F076DB219F841300E08006 /* Debug */ = {
			isa = XCBuildConfiguration;
			buildSettings = {
				ALWAYS_SEARCH_USER_PATHS = NO;
				CLANG_ANALYZER_NONNULL = YES;
				CLANG_ANALYZER_NUMBER_OBJECT_CONVERSION = YES_AGGRESSIVE;
				CLANG_CXX_LANGUAGE_STANDARD = "gnu++14";
				CLANG_CXX_LIBRARY = "libc++";
				CLANG_ENABLE_MODULES = YES;
				CLANG_ENABLE_OBJC_ARC = YES;
				CLANG_ENABLE_OBJC_WEAK = YES;
				CLANG_WARN_BLOCK_CAPTURE_AUTORELEASING = YES;
				CLANG_WARN_BOOL_CONVERSION = YES;
				CLANG_WARN_COMMA = YES;
				CLANG_WARN_CONSTANT_CONVERSION = YES;
				CLANG_WARN_DEPRECATED_OBJC_IMPLEMENTATIONS = YES;
				CLANG_WARN_DIRECT_OBJC_ISA_USAGE = YES_ERROR;
				CLANG_WARN_DOCUMENTATION_COMMENTS = YES;
				CLANG_WARN_EMPTY_BODY = YES;
				CLANG_WARN_ENUM_CONVERSION = YES;
				CLANG_WARN_INFINITE_RECURSION = YES;
				CLANG_WARN_INT_CONVERSION = YES;
				CLANG_WARN_NON_LITERAL_NULL_CONVERSION = YES;
				CLANG_WARN_OBJC_IMPLICIT_RETAIN_SELF = YES;
				CLANG_WARN_OBJC_LITERAL_CONVERSION = YES;
				CLANG_WARN_OBJC_ROOT_CLASS = YES_ERROR;
				CLANG_WARN_RANGE_LOOP_ANALYSIS = YES;
				CLANG_WARN_STRICT_PROTOTYPES = YES;
				CLANG_WARN_SUSPICIOUS_MOVE = YES;
				CLANG_WARN_UNGUARDED_AVAILABILITY = YES_AGGRESSIVE;
				CLANG_WARN_UNREACHABLE_CODE = YES;
				CLANG_WARN__DUPLICATE_METHOD_MATCH = YES;
				CODE_SIGN_IDENTITY = "iPhone Developer";
				COPY_PHASE_STRIP = NO;
				DEBUG_INFORMATION_FORMAT = dwarf;
				ENABLE_STRICT_OBJC_MSGSEND = YES;
				ENABLE_TESTABILITY = YES;
				GCC_C_LANGUAGE_STANDARD = gnu11;
				GCC_DYNAMIC_NO_PIC = NO;
				GCC_NO_COMMON_BLOCKS = YES;
				GCC_OPTIMIZATION_LEVEL = 0;
				GCC_PREPROCESSOR_DEFINITIONS = (
					"DEBUG=1",
					"$(inherited)",
				);
				GCC_WARN_64_TO_32_BIT_CONVERSION = YES;
				GCC_WARN_ABOUT_RETURN_TYPE = YES_ERROR;
				GCC_WARN_UNDECLARED_SELECTOR = YES;
				GCC_WARN_UNINITIALIZED_AUTOS = YES_AGGRESSIVE;
				GCC_WARN_UNUSED_FUNCTION = YES;
				GCC_WARN_UNUSED_VARIABLE = YES;
				IPHONEOS_DEPLOYMENT_TARGET = 9.0;
				MTL_ENABLE_DEBUG_INFO = INCLUDE_SOURCE;
				MTL_FAST_MATH = YES;
				ONLY_ACTIVE_ARCH = YES;
				SDKROOT = iphoneos;
				SWIFT_ACTIVE_COMPILATION_CONDITIONS = DEBUG;
				SWIFT_OPTIMIZATION_LEVEL = "-Onone";
			};
			name = Debug;
		};
		D8F076DC219F841300E08006 /* Release */ = {
			isa = XCBuildConfiguration;
			buildSettings = {
				ALWAYS_SEARCH_USER_PATHS = NO;
				CLANG_ANALYZER_NONNULL = YES;
				CLANG_ANALYZER_NUMBER_OBJECT_CONVERSION = YES_AGGRESSIVE;
				CLANG_CXX_LANGUAGE_STANDARD = "gnu++14";
				CLANG_CXX_LIBRARY = "libc++";
				CLANG_ENABLE_MODULES = YES;
				CLANG_ENABLE_OBJC_ARC = YES;
				CLANG_ENABLE_OBJC_WEAK = YES;
				CLANG_WARN_BLOCK_CAPTURE_AUTORELEASING = YES;
				CLANG_WARN_BOOL_CONVERSION = YES;
				CLANG_WARN_COMMA = YES;
				CLANG_WARN_CONSTANT_CONVERSION = YES;
				CLANG_WARN_DEPRECATED_OBJC_IMPLEMENTATIONS = YES;
				CLANG_WARN_DIRECT_OBJC_ISA_USAGE = YES_ERROR;
				CLANG_WARN_DOCUMENTATION_COMMENTS = YES;
				CLANG_WARN_EMPTY_BODY = YES;
				CLANG_WARN_ENUM_CONVERSION = YES;
				CLANG_WARN_INFINITE_RECURSION = YES;
				CLANG_WARN_INT_CONVERSION = YES;
				CLANG_WARN_NON_LITERAL_NULL_CONVERSION = YES;
				CLANG_WARN_OBJC_IMPLICIT_RETAIN_SELF = YES;
				CLANG_WARN_OBJC_LITERAL_CONVERSION = YES;
				CLANG_WARN_OBJC_ROOT_CLASS = YES_ERROR;
				CLANG_WARN_RANGE_LOOP_ANALYSIS = YES;
				CLANG_WARN_STRICT_PROTOTYPES = YES;
				CLANG_WARN_SUSPICIOUS_MOVE = YES;
				CLANG_WARN_UNGUARDED_AVAILABILITY = YES_AGGRESSIVE;
				CLANG_WARN_UNREACHABLE_CODE = YES;
				CLANG_WARN__DUPLICATE_METHOD_MATCH = YES;
				CODE_SIGN_IDENTITY = "iPhone Developer";
				COPY_PHASE_STRIP = NO;
				DEBUG_INFORMATION_FORMAT = "dwarf-with-dsym";
				ENABLE_NS_ASSERTIONS = NO;
				ENABLE_STRICT_OBJC_MSGSEND = YES;
				GCC_C_LANGUAGE_STANDARD = gnu11;
				GCC_NO_COMMON_BLOCKS = YES;
				GCC_WARN_64_TO_32_BIT_CONVERSION = YES;
				GCC_WARN_ABOUT_RETURN_TYPE = YES_ERROR;
				GCC_WARN_UNDECLARED_SELECTOR = YES;
				GCC_WARN_UNINITIALIZED_AUTOS = YES_AGGRESSIVE;
				GCC_WARN_UNUSED_FUNCTION = YES;
				GCC_WARN_UNUSED_VARIABLE = YES;
				IPHONEOS_DEPLOYMENT_TARGET = 9.0;
				MTL_ENABLE_DEBUG_INFO = NO;
				MTL_FAST_MATH = YES;
				SDKROOT = iphoneos;
				SWIFT_COMPILATION_MODE = wholemodule;
				SWIFT_OPTIMIZATION_LEVEL = "-O";
				VALIDATE_PRODUCT = YES;
			};
			name = Release;
		};
		D8F076DE219F841300E08006 /* Debug */ = {
			isa = XCBuildConfiguration;
			baseConfigurationReference = DDC282E35A3900AB52C46CC3 /* Pods-newmusic.debug.xcconfig */;
			buildSettings = {
				ASSETCATALOG_COMPILER_APPICON_NAME = AppIcon;
				CODE_SIGN_STYLE = Automatic;
				DEVELOPMENT_TEAM = ABY9B75BK3;
				INFOPLIST_FILE = newmusic/Info.plist;
				IPHONEOS_DEPLOYMENT_TARGET = 9.0;
				LD_RUNPATH_SEARCH_PATHS = (
					"$(inherited)",
					"@executable_path/Frameworks",
				);
				PRODUCT_BUNDLE_IDENTIFIER = com.joelangenderfer.newmusic;
				PRODUCT_NAME = "$(TARGET_NAME)";
				SWIFT_VERSION = 4.2;
				TARGETED_DEVICE_FAMILY = "1,2";
			};
			name = Debug;
		};
		D8F076DF219F841300E08006 /* Release */ = {
			isa = XCBuildConfiguration;
			baseConfigurationReference = 5C9A7B7C8642597BD862FE6B /* Pods-newmusic.release.xcconfig */;
			buildSettings = {
				ASSETCATALOG_COMPILER_APPICON_NAME = AppIcon;
				CODE_SIGN_STYLE = Automatic;
				DEVELOPMENT_TEAM = ABY9B75BK3;
				INFOPLIST_FILE = newmusic/Info.plist;
				IPHONEOS_DEPLOYMENT_TARGET = 9.0;
				LD_RUNPATH_SEARCH_PATHS = (
					"$(inherited)",
					"@executable_path/Frameworks",
				);
				PRODUCT_BUNDLE_IDENTIFIER = com.joelangenderfer.newmusic;
				PRODUCT_NAME = "$(TARGET_NAME)";
				SWIFT_VERSION = 4.2;
				TARGETED_DEVICE_FAMILY = "1,2";
			};
			name = Release;
		};
/* End XCBuildConfiguration section */

/* Begin XCConfigurationList section */
		D8F076C6219F841200E08006 /* Build configuration list for PBXProject "newmusic" */ = {
			isa = XCConfigurationList;
			buildConfigurations = (
				D8F076DB219F841300E08006 /* Debug */,
				D8F076DC219F841300E08006 /* Release */,
			);
			defaultConfigurationIsVisible = 0;
			defaultConfigurationName = Release;
		};
		D8F076DD219F841300E08006 /* Build configuration list for PBXNativeTarget "newmusic" */ = {
			isa = XCConfigurationList;
			buildConfigurations = (
				D8F076DE219F841300E08006 /* Debug */,
				D8F076DF219F841300E08006 /* Release */,
			);
			defaultConfigurationIsVisible = 0;
			defaultConfigurationName = Release;
		};
/* End XCConfigurationList section */
	};
	rootObject = D8F076C3219F841200E08006 /* Project object */;
}
